
Microsoft Visual Studio Solution File, Format Version 12.00
# Visual Studio Version 16
VisualStudioVersion = 16.0.30330.147
MinimumVisualStudioVersion = 10.0.40219.1
Project("{888888A0-9F3D-457C-B088-3A5042F75D52}") = "Lab8_var8", "Lab8_var8\Lab8_var8.pyproj", "{D624EF22-5EA8-4503-8E06-25EBB4DDE74B}"
EndProject
Global
	GlobalSection(SolutionConfigurationPlatforms) = preSolution
		Debug|Any CPU = Debug|Any CPU
		Release|Any CPU = Release|Any CPU
	EndGlobalSection
	GlobalSection(ProjectConfigurationPlatforms) = postSolution
		{D624EF22-5EA8-4503-8E06-25EBB4DDE74B}.Debug|Any CPU.ActiveCfg = Debug|Any CPU
		{D624EF22-5EA8-4503-8E06-25EBB4DDE74B}.Release|Any CPU.ActiveCfg = Release|Any CPU
	EndGlobalSection
	GlobalSection(SolutionProperties) = preSolution
		HideSolutionNode = FALSE
	EndGlobalSection
	GlobalSection(ExtensibilityGlobals) = postSolution
		SolutionGuid = {CBEB0864-3231-43B6-8EA6-C837C4CCC700}
	EndGlobalSection
EndGlobal
